{
  "LuaSnip": { "branch": "master", "commit": "2b6860d15aaab01d3fb90859c0ba97f20ad7bc5f" },
  "arshlib.nvim": { "branch": "master", "commit": "111fd439268adda206a24b133096893869a50764" },
  "auto-indent.nvim": { "branch": "main", "commit": "46801cf8857d42a20a73c40b0a5d3dfe8b2b6192" },
  "better-escape.nvim": { "branch": "master", "commit": "7e86edafb8c7e73699e0320f225464a298b96d12" },
  "blame.nvim": { "branch": "main", "commit": "dedbcdce857f708c63f261287ac7491a893912d0" },
  "catppuccin": { "branch": "main", "commit": "5215ea59df6d0a7e27da9a5cd1165e06d1b04cbe" },
  "cmp-buffer": { "branch": "main", "commit": "3022dbc9166796b644a841a02de8dd1cc1d311fa" },
  "cmp-cmdline": { "branch": "main", "commit": "d250c63aa13ead745e3a40f61fdd3470efde3923" },
  "cmp-cmdline-history": { "branch": "master", "commit": "003573b72d4635ce636234a826fa8c4ba2895ffe" },
  "cmp-fuzzy-path": { "branch": "master", "commit": "9953c11a2510a04111b7b152cf50ae1e83f00798" },
  "cmp-git": { "branch": "main", "commit": "8dfbc33fb32c33e5c0be9dcc8176a4f4d395f95e" },
  "cmp-nvim-lsp": { "branch": "main", "commit": "39e2eda76828d88b773cc27a3f61d2ad782c922d" },
  "cmp-nvim-lsp-signature-help": { "branch": "main", "commit": "031e6ba70b0ad5eee49fd2120ff7a2e325b17fa7" },
  "cmp-path": { "branch": "main", "commit": "91ff86cd9c29299a64f968ebb45846c485725f23" },
  "cmp-rg": { "branch": "master", "commit": "677a7874ee8f1afc648c2e7d63a97bc21a7663c5" },
  "cmp-treesitter": { "branch": "master", "commit": "958fcfa0d8ce46d215e19cc3992c542f576c4123" },
  "cmp_luasnip": { "branch": "master", "commit": "05a9ab28b53f71d1aece421ef32fee2cb857a843" },
  "colorful-winsep.nvim": { "branch": "main", "commit": "4ac6a8cab5866ec3de3f5e3bc202e0c682d4d806" },
  "conform.nvim": { "branch": "master", "commit": "7159a23d19fb982269dae2e8147ebbe34965095b" },
  "deepwhite.nvim": { "branch": "main", "commit": "f1db7888f0a7cf84d6d802c17c074bccca0a72a5" },
  "diagflow.nvim": { "branch": "main", "commit": "4a03e94e1bf6d18feaac44476cfcb78b403bd609" },
  "diffview.nvim": { "branch": "main", "commit": "3afa6a053f680e9f1329c4a151db988a482306cd" },
  "dressing.nvim": { "branch": "master", "commit": "e3714c8049b2243e792492c4149e4cc395c68eb9" },
  "edge": { "branch": "master", "commit": "2153187e3ca56c11a7f35852bbaef6525c936b1c" },
  "everforest": { "branch": "master", "commit": "9dbd4d1c3255ed801e515f2ed388f4c6ceb62f6e" },
  "flash.nvim": { "branch": "main", "commit": "0b85b5ea6eaaebab5e012fab3496102094550686" },
  "flatten.nvim": { "branch": "main", "commit": "e420e531d2ab24aebcf7b3c9fca28e6c5c34964d" },
  "focus.nvim": { "branch": "master", "commit": "2c2c91d0bdb8ec9f67655c0e125953e27f5798c9" },
  "friendly-snippets": { "branch": "main", "commit": "e11b09bf10706bb74e16e4c3d11b2274d62e687f" },
  "fuzzy.nvim": { "branch": "master", "commit": "68608f6a232f7e73ccf81437bf12108128f15bd4" },
  "fzf-lua": { "branch": "main", "commit": "b92220ec838c195eb1c711daa69c905b1d7b8d8c" },
  "git-conflict.nvim": { "branch": "main", "commit": "bfd9fe6fba9a161fc199771d85996236a0d0faad" },
  "git-worktree.nvim": { "branch": "master", "commit": "f247308e68dab9f1133759b05d944569ad054546" },
  "github-nvim-theme": { "branch": "main", "commit": "d832925e77cef27b16011a8dfd8835f49bdcd055" },
  "gitsigns.nvim": { "branch": "main", "commit": "75dc649106827183547d3bedd4602442340d2f7f" },
  "glance.nvim": { "branch": "master", "commit": "51059bcf21016387b6233c89eed220cf47fca752" },
  "go.nvim": { "branch": "master", "commit": "8f8ab4b968d08bd70ecda1f2909fb5e6177452ca" },
  "goto-preview": { "branch": "main", "commit": "3552fad4a0244ffd9ac86508e29ccc5166f19eb8" },
  "gruvbox-material": { "branch": "master", "commit": "905a41c86dbfed42f89c13c36f0e3407e9318910" },
  "guess-indent.nvim": { "branch": "main", "commit": "b8ae749fce17aa4c267eec80a6984130b94f80b2" },
  "guihua.lua": { "branch": "master", "commit": "a53b76514ad42d92a821d75d712ef71e71898fcf" },
  "hydra.nvim": { "branch": "master", "commit": "55de54543d673824435930ecf533256eea2e565b" },
  "indent-tools.nvim": { "branch": "master", "commit": "31b839d65aa04b568fabe5e100a63cc44ef3f5d5" },
  "kubectl.nvim": { "branch": "main", "commit": "5a79c25928d794ca26e4d4718ff863418370086c" },
  "lazy.nvim": { "branch": "main", "commit": "ebbf84eb23d796ffd92ad88b980d3cf89921add4" },
  "lazydev.nvim": { "branch": "main", "commit": "ae12a6224c466315f6ecbe6ed1ee7c5641f21d40" },
  "lazygit.nvim": { "branch": "main", "commit": "ad3e1ea592f9d13e86e0d4e850224d9d78069508" },
  "live-command.nvim": { "branch": "main", "commit": "d460067d47948725a6f25b20f31ea8bbfdfe4622" },
  "lsp-timeout.nvim": { "branch": "main", "commit": "6325906730330105a9adc41d0ceb8499b3072e2b" },
  "lsp-trouble.nvim": { "branch": "main", "commit": "a0227dcbd2f4c817b5aaa540062e5522b7801b39" },
  "lspkind.nvim": { "branch": "master", "commit": "1735dd5a5054c1fb7feaf8e8658dbab925f4f0cf" },
  "luasnip-snippets": { "branch": "main", "commit": "731fc02d4b2e30ef0fddd345f9cad5f261479b7c" },
  "lush.nvim": { "branch": "main", "commit": "7c0e27f50901481fe83b974493c4ea67a4296aeb" },
  "luvit-meta": { "branch": "main", "commit": "ce76f6f6cdc9201523a5875a4471dcfe0186eb60" },
  "mason-lspconfig.nvim": { "branch": "main", "commit": "a4caa0d083aab56f6cd5acf2d42331b74614a585" },
  "mason-tool-installer.nvim": { "branch": "main", "commit": "c1fbdcb0d8d1295314f1612c4a247253e70299d9" },
  "mason.nvim": { "branch": "main", "commit": "0950b15060067f752fde13a779a994f59516ce3d" },
  "mini.ai": { "branch": "main", "commit": "7859b6344f5cee567a94f173859d25e20ba1a77e" },
  "mini.align": { "branch": "main", "commit": "68a8d3205f0e7ce1bded057f4a851f42ef8fc584" },
  "mini.animate": { "branch": "main", "commit": "0a35f6db55cfac04a0999abe3465f7b692dc56a7" },
  "mini.clue": { "branch": "main", "commit": "629f7ddb071faf8eba77c5c56a295a0a206df94c" },
  "mini.comment": { "branch": "main", "commit": "c8406379987c321ecdef9f53e1ca741a55002104" },
  "mini.files": { "branch": "main", "commit": "2299bf2f55993d899249a585f04bb4ff5386d37e" },
  "mini.misc": { "branch": "main", "commit": "f066a0ea123b39f2308d7cd6053cde70d15329cb" },
  "mini.notify": { "branch": "main", "commit": "f347e3facc67732f0782b97c506bf1146012b15f" },
  "mini.nvim": { "branch": "main", "commit": "e08626092574872cdfa7aa2e2f2a83ce1e156ccd" },
  "mini.pick": { "branch": "main", "commit": "27fc7862b7a1fc2e04356dc5ed1caf7049baccb4" },
  "mini.sessions": { "branch": "main", "commit": "a36b78d12fc16c938ba7a1e5ad1300d43c8bb848" },
  "mini.splitjoin": { "branch": "main", "commit": "db26e1c991ff5f8cf377e800ef7fba6b5618306b" },
  "mini.statusline": { "branch": "main", "commit": "94d5e48415bdf872536e5812475fcf19e09f5c0e" },
  "mini.visits": { "branch": "main", "commit": "d4d7d88169ff401a6e0a35d83f19f0de66ab7dab" },
  "multicursors.nvim": { "branch": "main", "commit": "b959ad0f38881e81e757208c6adfc9e6dc24dfc7" },
  "neogen": { "branch": "main", "commit": "6de0add4805165317ab7d3d36b5cef48b1b865f3" },
  "neogit": { "branch": "master", "commit": "3d58bf1d548f6fafdaab8ce4d75e25c438aee92c" },
  "neovim": { "branch": "main", "commit": "87aa437172357ad8f916942bca249ceadc6c68b1" },
  "nightfox.nvim": { "branch": "main", "commit": "df75a6a94910ae47854341d6b5a6fd483192c0eb" },
  "noice.nvim": { "branch": "main", "commit": "2bf04290b32dc5b1a002a4888c95147bb91ec6f2" },
  "nui.nvim": { "branch": "main", "commit": "b1b3dcd6ed8f355c78bad3d395ff645be5f8b6ae" },
  "numb.nvim": { "branch": "master", "commit": "3f7d4a74bd456e747a1278ea1672b26116e0824d" },
  "nvim-cmp": { "branch": "main", "commit": "5260e5e8ecadaf13e6b82cf867a909f54e15fd07" },
  "nvim-dap": { "branch": "master", "commit": "7122fd5848919a9aeff8c52bd9e71cbc51d0c90e" },
  "nvim-dap-go": { "branch": "main", "commit": "605911fa0899882b05a8e4369ab12739620494af" },
  "nvim-early-retirement": { "branch": "main", "commit": "d3f42604e9b34254b49b09b5005c6e65b6f06fde" },
  "nvim-genghis": { "branch": "main", "commit": "6ec7e92ea5a26e174837719fcde1ffba1fad3fae" },
  "nvim-goc.lua": { "branch": "master", "commit": "6337ef573cb493fc4088faef73ff4844d7be213f" },
  "nvim-highlight-colors": { "branch": "main", "commit": "fe175ff05fafbe8dc88d61ce72fab9c1a2e9bd6e" },
  "nvim-lspconfig": { "branch": "master", "commit": "74e14808cdb15e625449027019406e1ff6dda020" },
  "nvim-navbuddy": { "branch": "master", "commit": "f22bac988f2dd073601d75ba39ea5636ab6e38cb" },
  "nvim-navic": { "branch": "master", "commit": "8649f694d3e76ee10c19255dece6411c29206a54" },
  "nvim-spectre": { "branch": "master", "commit": "4d22fe03554056de4325762add3e546c77e3a275" },
  "nvim-spider": { "branch": "main", "commit": "74e9f6266cd92e3c6ab480be794cffecf9194fb9" },
  "nvim-surround": { "branch": "main", "commit": "f1f0699a1d49f28e607ffa4361f1bbe757ac5ebc" },
  "nvim-toggler": { "branch": "main", "commit": "4f68b1c434d9eb3d62a6c45bfbfb08c295a8d179" },
  "nvim-treesitter": { "branch": "master", "commit": "a80fe081b4c5890980561e0de2458f64aaffbfc7" },
  "nvim-treesitter-context": { "branch": "master", "commit": "5efba33af0f39942e426340da7bc15d7dec16474" },
  "nvim-treesitter-endwise": { "branch": "master", "commit": "8b34305ffc28bd75a22f5a0a9928ee726a85c9a6" },
  "nvim-treesitter-textobjects": { "branch": "master", "commit": "fd41b7ccc5490a3a99c734d1ee418b68d06c48a9" },
  "nvim-ts-autotag": { "branch": "main", "commit": "6eb4120a1aadef07ac312f1c4bc6456712220007" },
  "nvim-ts-context-commentstring": { "branch": "main", "commit": "cb064386e667def1d241317deed9fd1b38f0dc2e" },
  "nvim-ufo": { "branch": "main", "commit": "65dda6360879f6ffe0278163b9192a573a0d2a08" },
  "nvim-web-devicons": { "branch": "master", "commit": "b77921fdc44833c994fdb389d658ccbce5490c16" },
  "nvterm": { "branch": "main", "commit": "9d7ba3b6e368243175d38e1ec956e0476fd86ed9" },
  "oil.nvim": { "branch": "master", "commit": "d3a365c950be31a0d46920ce4ff6f23e78939b67" },
  "overlength.nvim": { "branch": "master", "commit": "5bef29cef1b833105509ce3aa4b60e2d396d76ed" },
  "plenary.nvim": { "branch": "master", "commit": "a3e3bc82a3f95c5ed0d7201546d5d2c19b20d683" },
  "poimandres.nvim": { "branch": "main", "commit": "77635055e686ae3c8a519198006ff0b43b6b2eae" },
  "project.nvim": { "branch": "main", "commit": "8c6bad7d22eef1b71144b401c9f74ed01526a4fb" },
  "promise-async": { "branch": "main", "commit": "93540c168c5ed2b030ec3e6c40ab8bbb85e36355" },
  "refactoring.nvim": { "branch": "master", "commit": "d2786877c91aa409c824f27b4ce8a9f560dda60a" },
  "replacer.nvim": { "branch": "master", "commit": "32e1713230844fa52f7f0598c59295de3c90dc95" },
  "schemastore.nvim": { "branch": "main", "commit": "931f9f3b7b60ec976159cb01b4a40da3829ac2fd" },
  "sentiment.nvim": { "branch": "main", "commit": "54a6db15b630eccfa98c32a76baf90f21c6f1e40" },
  "smart-open.nvim": { "branch": "0.2.x", "commit": "87626ee8748b9bba22093adec7bb58c63e7214f0" },
  "sqlite.lua": { "branch": "master", "commit": "d0ffd703b56d090d213b497ed4eb840495f14a11" },
  "starlite-nvim": { "branch": "main", "commit": "bc204069859e4e85a057b92ac61700f3f46c3e41" },
  "telescope-frecency.nvim": { "branch": "master", "commit": "1f2e9b07ac7f927f36c17313071cc12759670767" },
  "telescope-fzf-native.nvim": { "branch": "main", "commit": "9ef21b2e6bb6ebeaf349a0781745549bbb870d27" },
  "telescope-fzy-native.nvim": { "branch": "master", "commit": "282f069504515eec762ab6d6c89903377252bf5b" },
  "telescope-picker-history-action": { "branch": "main", "commit": "5901d1395f2e6b493230ecd4c0401cbb7c0d44bb" },
  "telescope-ui-select.nvim": { "branch": "master", "commit": "6e51d7da30bd139a6950adf2a47fda6df9fa06d2" },
  "telescope-windows.nvim": { "branch": "main", "commit": "fd67cf2eee3a018eae465aa322bda3138be3b2d7" },
  "telescope-zoxide": { "branch": "main", "commit": "68966349aa1b8e9ade403e18479ecf79447389a7" },
  "telescope.nvim": { "branch": "master", "commit": "dfa230be84a044e7f546a6c2b0a403c739732b86" },
  "text-case.nvim": { "branch": "main", "commit": "d62c63a4e9a996c7321885937ab89920fca2c1c8" },
  "tiny-devicons-auto-colors.nvim": { "branch": "main", "commit": "f57c4fa6a22a1c940fa63750c107217f6d88a7dd" },
  "todo-comments.nvim": { "branch": "main", "commit": "70a93ce66083699571adc361166504b03cc39c2b" },
  "triptych.nvim": { "branch": "main", "commit": "d7ced78687c2ab203743edf0725761f6664f66cb" },
  "twilight.nvim": { "branch": "main", "commit": "8b7b50c0cb2dc781b2f4262a5ddd57571556d1e4" },
  "ultimate-autopair.nvim": { "branch": "v0.6", "commit": "813e1b3391c3f50100345bf3956c618f7e522e74" },
  "undotree": { "branch": "master", "commit": "56c684a805fe948936cda0d1b19505b84ad7e065" },
  "vim-log-highlighting": { "branch": "master", "commit": "1037e26f3120e6a6a2c0c33b14a84336dee2a78f" },
  "wildfire.nvim": { "branch": "master", "commit": "1729faca1c6ae34520a6e531983a3737d3654ee1" },
  "window-picker": { "branch": "main", "commit": "41cfaa428577c53552200a404ae9b3a0b5719706" },
  "yanky.nvim": { "branch": "main", "commit": "79338563e85a868e59cda02c51b54d90a5514a12" },
  "zen-mode.nvim": { "branch": "main", "commit": "78557d972b4bfbb7488e17b5703d25164ae64e6a" },
  "zenbones.nvim": { "branch": "main", "commit": "5746d0277439fe264108a2ecace83f09f1b57e1f" }
}